
Microsoft Visual Studio Solution File, Format Version 12.00
# Visual Studio Version 16
VisualStudioVersion = 16.0.30907.101
MinimumVisualStudioVersion = 10.0.40219.1
Project("{FAE04EC0-301F-11D3-BF4B-00C04F79EFBC}") = "TextConvert", "TextConvert\TextConvert.csproj", "{2C0DAA5D-7880-443E-B2B5-F656DC1449FF}"
EndProject
Project("{FAE04EC0-301F-11D3-BF4B-00C04F79EFBC}") = "TextConvertTests", "TextConvertTests\TextConvertTests.csproj", "{185EA941-B72C-4BCB-B0C3-64EB1263ED24}"
EndProject
Global
	GlobalSection(SolutionConfigurationPlatforms) = preSolution
		Debug|Any CPU = Debug|Any CPU
		Release|Any CPU = Release|Any CPU
	EndGlobalSection
	GlobalSection(ProjectConfigurationPlatforms) = postSolution
		{2C0DAA5D-7880-443E-B2B5-F656DC1449FF}.Debug|Any CPU.ActiveCfg = Debug|Any CPU
		{2C0DAA5D-7880-443E-B2B5-F656DC1449FF}.Debug|Any CPU.Build.0 = Debug|Any CPU
		{2C0DAA5D-7880-443E-B2B5-F656DC1449FF}.Release|Any CPU.ActiveCfg = Release|Any CPU
		{2C0DAA5D-7880-443E-B2B5-F656DC1449FF}.Release|Any CPU.Build.0 = Release|Any CPU
		{185EA941-B72C-4BCB-B0C3-64EB1263ED24}.Debug|Any CPU.ActiveCfg = Debug|Any CPU
		{185EA941-B72C-4BCB-B0C3-64EB1263ED24}.Debug|Any CPU.Build.0 = Debug|Any CPU
		{185EA941-B72C-4BCB-B0C3-64EB1263ED24}.Release|Any CPU.ActiveCfg = Release|Any CPU
		{185EA941-B72C-4BCB-B0C3-64EB1263ED24}.Release|Any CPU.Build.0 = Release|Any CPU
	EndGlobalSection
	GlobalSection(SolutionProperties) = preSolution
		HideSolutionNode = FALSE
	EndGlobalSection
	GlobalSection(ExtensibilityGlobals) = postSolution
		SolutionGuid = {8D820FE8-D328-45E5-8607-7F2C9C32B553}
	EndGlobalSection
EndGlobal
